
Microsoft Visual Studio Solution File, Format Version 12.00
# Visual Studio Version 17
VisualStudioVersion = 17.0.31903.59
MinimumVisualStudioVersion = 10.0.40219.1
Project("{FAE04EC0-301F-11D3-BF4B-00C04F79EFBC}") = "TodoApi.Api", "TodoApi.Api\TodoApi.Api.csproj", "{97D99B2B-6B67-4736-8DF9-03C5829A940A}"
EndProject
Project("{FAE04EC0-301F-11D3-BF4B-00C04F79EFBC}") = "TodoApi.Tests", "TodoApi.Tests\TodoApi.Tests.csproj", "{9C98EB11-3213-4757-BBE5-F2E4496E40C3}"
EndProject
Global
	GlobalSection(SolutionConfigurationPlatforms) = preSolution
		Debug|Any CPU = Debug|Any CPU
		Debug|x64 = Debug|x64
		Debug|x86 = Debug|x86
		Release|Any CPU = Release|Any CPU
		Release|x64 = Release|x64
		Release|x86 = Release|x86
	EndGlobalSection
	GlobalSection(ProjectConfigurationPlatforms) = postSolution
		{97D99B2B-6B67-4736-8DF9-03C5829A940A}.Debug|Any CPU.ActiveCfg = Debug|Any CPU
		{97D99B2B-6B67-4736-8DF9-03C5829A940A}.Debug|Any CPU.Build.0 = Debug|Any CPU
		{97D99B2B-6B67-4736-8DF9-03C5829A940A}.Debug|x64.ActiveCfg = Debug|Any CPU
		{97D99B2B-6B67-4736-8DF9-03C5829A940A}.Debug|x64.Build.0 = Debug|Any CPU
		{97D99B2B-6B67-4736-8DF9-03C5829A940A}.Debug|x86.ActiveCfg = Debug|Any CPU
		{97D99B2B-6B67-4736-8DF9-03C5829A940A}.Debug|x86.Build.0 = Debug|Any CPU
		{97D99B2B-6B67-4736-8DF9-03C5829A940A}.Release|Any CPU.ActiveCfg = Release|Any CPU
		{97D99B2B-6B67-4736-8DF9-03C5829A940A}.Release|Any CPU.Build.0 = Release|Any CPU
		{97D99B2B-6B67-4736-8DF9-03C5829A940A}.Release|x64.ActiveCfg = Release|Any CPU
		{97D99B2B-6B67-4736-8DF9-03C5829A940A}.Release|x64.Build.0 = Release|Any CPU
		{97D99B2B-6B67-4736-8DF9-03C5829A940A}.Release|x86.ActiveCfg = Release|Any CPU
		{97D99B2B-6B67-4736-8DF9-03C5829A940A}.Release|x86.Build.0 = Release|Any CPU
		{9C98EB11-3213-4757-BBE5-F2E4496E40C3}.Debug|Any CPU.ActiveCfg = Debug|Any CPU
		{9C98EB11-3213-4757-BBE5-F2E4496E40C3}.Debug|Any CPU.Build.0 = Debug|Any CPU
		{9C98EB11-3213-4757-BBE5-F2E4496E40C3}.Debug|x64.ActiveCfg = Debug|Any CPU
		{9C98EB11-3213-4757-BBE5-F2E4496E40C3}.Debug|x64.Build.0 = Debug|Any CPU
		{9C98EB11-3213-4757-BBE5-F2E4496E40C3}.Debug|x86.ActiveCfg = Debug|Any CPU
		{9C98EB11-3213-4757-BBE5-F2E4496E40C3}.Debug|x86.Build.0 = Debug|Any CPU
		{9C98EB11-3213-4757-BBE5-F2E4496E40C3}.Release|Any CPU.ActiveCfg = Release|Any CPU
		{9C98EB11-3213-4757-BBE5-F2E4496E40C3}.Release|Any CPU.Build.0 = Release|Any CPU
		{9C98EB11-3213-4757-BBE5-F2E4496E40C3}.Release|x64.ActiveCfg = Release|Any CPU
		{9C98EB11-3213-4757-BBE5-F2E4496E40C3}.Release|x64.Build.0 = Release|Any CPU
		{9C98EB11-3213-4757-BBE5-F2E4496E40C3}.Release|x86.ActiveCfg = Release|Any CPU
		{9C98EB11-3213-4757-BBE5-F2E4496E40C3}.Release|x86.Build.0 = Release|Any CPU
	EndGlobalSection
	GlobalSection(SolutionProperties) = preSolution
		HideSolutionNode = FALSE
	EndGlobalSection
EndGlobal
